
Microsoft Visual Studio Solution File, Format Version 12.00
# Visual Studio Version 17
VisualStudioVersion = 17.14.35906.104
MinimumVisualStudioVersion = 10.0.40219.1
Project("{FAE04EC0-301F-11D3-BF4B-00C04F79EFBC}") = "Hermes", "Hermes.csproj", "{7E2BC82E-30A5-49DE-B47D-E21838E0D076}"
EndProject
Project("{2150E333-8FDC-42A3-9474-1A3956D46DE8}") = "Solution Items", "Solution Items", "{8EC462FD-D22E-90A8-E5CE-7E832BA40C5D}"
	ProjectSection(SolutionItems) = preProject
		Dockerfile = Dockerfile
	EndProjectSection
EndProject
Global
	GlobalSection(SolutionConfigurationPlatforms) = preSolution
		Debug|Any CPU = Debug|Any CPU
		Release|Any CPU = Release|Any CPU
	EndGlobalSection
	GlobalSection(ProjectConfigurationPlatforms) = postSolution
		{7E2BC82E-30A5-49DE-B47D-E21838E0D076}.Debug|Any CPU.ActiveCfg = Debug|Any CPU
		{7E2BC82E-30A5-49DE-B47D-E21838E0D076}.Debug|Any CPU.Build.0 = Debug|Any CPU
		{7E2BC82E-30A5-49DE-B47D-E21838E0D076}.Release|Any CPU.ActiveCfg = Release|Any CPU
		{7E2BC82E-30A5-49DE-B47D-E21838E0D076}.Release|Any CPU.Build.0 = Release|Any CPU
	EndGlobalSection
	GlobalSection(SolutionProperties) = preSolution
		HideSolutionNode = FALSE
	EndGlobalSection
	GlobalSection(ExtensibilityGlobals) = postSolution
		SolutionGuid = {B1BF3951-100B-4B17-A40A-66C63B9DAC3A}
	EndGlobalSection
EndGlobal
